
Microsoft Visual Studio Solution File, Format Version 12.00
# Visual Studio Version 16
VisualStudioVersion = 16.0.31205.134
MinimumVisualStudioVersion = 10.0.40219.1
Project("{FAE04EC0-301F-11D3-BF4B-00C04F79EFBC}") = "gestion_de_client", "gestion_de_client.csproj", "{D0E9EF8A-72DE-4663-9958-86DA5E57E1CC}"
EndProject
Global
	GlobalSection(SolutionConfigurationPlatforms) = preSolution
		Debug|Any CPU = Debug|Any CPU
		Release|Any CPU = Release|Any CPU
	EndGlobalSection
	GlobalSection(ProjectConfigurationPlatforms) = postSolution
		{D0E9EF8A-72DE-4663-9958-86DA5E57E1CC}.Debug|Any CPU.ActiveCfg = Debug|Any CPU
		{D0E9EF8A-72DE-4663-9958-86DA5E57E1CC}.Debug|Any CPU.Build.0 = Debug|Any CPU
		{D0E9EF8A-72DE-4663-9958-86DA5E57E1CC}.Release|Any CPU.ActiveCfg = Release|Any CPU
		{D0E9EF8A-72DE-4663-9958-86DA5E57E1CC}.Release|Any CPU.Build.0 = Release|Any CPU
	EndGlobalSection
	GlobalSection(SolutionProperties) = preSolution
		HideSolutionNode = FALSE
	EndGlobalSection
	GlobalSection(ExtensibilityGlobals) = postSolution
		SolutionGuid = {3057C94D-99F2-42BE-BB99-B61ED4C49A84}
	EndGlobalSection
EndGlobal
